
Microsoft Visual Studio Solution File, Format Version 12.00
# Visual Studio 15
VisualStudioVersion = 15.0.28307.271
MinimumVisualStudioVersion = 10.0.40219.1
Project("{FAE04EC0-301F-11D3-BF4B-00C04F79EFBC}") = "Touch", "Toch\Touch.csproj", "{0D1EF56F-D8FF-46ED-861D-199CA9F17420}"
EndProject
Project("{FAE04EC0-301F-11D3-BF4B-00C04F79EFBC}") = "TouchscreenKeyboard", "TouchscreenKeyboard\TouchscreenKeyboard\TouchscreenKeyboard.csproj", "{94070B1D-6DE4-4D45-B2B9-5DA09D0E15C9}"
EndProject
Project("{FAE04EC0-301F-11D3-BF4B-00C04F79EFBC}") = "EssencialFiscal", "EssencialFiscal\EssencialFiscal.csproj", "{6C713B60-37BC-4F87-AAFB-AD171427BA8C}"
EndProject
Project("{FAE04EC0-301F-11D3-BF4B-00C04F79EFBC}") = "EticketTouchScreem", "EticketTouchScreem\EticketTouchScreem.csproj", "{DDF280F3-FFA1-491E-8EED-56AA87CBBADF}"
EndProject
Project("{2150E333-8FDC-42A3-9474-1A3956D46DE8}") = "Infra", "Infra", "{A853E853-3C70-436D-8B3D-4BE0C7F7FA7E}"
EndProject
Project("{2150E333-8FDC-42A3-9474-1A3956D46DE8}") = "Data", "Data", "{189BBDDD-76FC-402F-B69E-1CBD9D67B184}"
EndProject
Project("{FAE04EC0-301F-11D3-BF4B-00C04F79EFBC}") = "Eticket.Infra.Data", "src\Eticket.Infra.Data\Eticket.Infra.Data.csproj", "{5DA70FA7-1CB2-49CD-9316-FA890DB25731}"
EndProject
Project("{2150E333-8FDC-42A3-9474-1A3956D46DE8}") = "Domain", "Domain", "{36EB014C-818C-4E19-B8EA-416FD12DDDC8}"
EndProject
Project("{FAE04EC0-301F-11D3-BF4B-00C04F79EFBC}") = "Eticket.Domain", "src\Eticket.Domain\Eticket.Domain.csproj", "{D2D611AC-1032-4B54-AFBF-E8BFA3C0C93A}"
EndProject
Project("{2150E333-8FDC-42A3-9474-1A3956D46DE8}") = "Application", "Application", "{ED06AC73-0406-4A81-BBE6-93B4518CDE07}"
EndProject
Project("{FAE04EC0-301F-11D3-BF4B-00C04F79EFBC}") = "Eticket.Application", "src\Eticket.Application\Eticket.Application.csproj", "{61392FB6-988C-4E20-937A-6EB52BBD5138}"
EndProject
Project("{2150E333-8FDC-42A3-9474-1A3956D46DE8}") = "CrossCutting", "CrossCutting", "{B75C6700-1E90-4310-8578-4F98531317D4}"
EndProject
Project("{FAE04EC0-301F-11D3-BF4B-00C04F79EFBC}") = "Eticket.Infra.CrossCutting.IoC", "src\Eticket.Infra.CrossCutting.IoC\Eticket.Infra.CrossCutting.IoC.csproj", "{32DFA282-26F9-441B-913D-43E88E00B025}"
EndProject
Project("{2150E333-8FDC-42A3-9474-1A3956D46DE8}") = "01 - Presentation", "01 - Presentation", "{9F854EE7-7C0D-4325-BB10-D026015CE2FD}"
EndProject
Project("{FAE04EC0-301F-11D3-BF4B-00C04F79EFBC}") = "Zip.Pdv", "src\Zip.Pdv.Form\Zip.Pdv.csproj", "{9D1EB2FA-9BF6-4CB7-938C-E2F1C5F41855}"
EndProject
Project("{2150E333-8FDC-42A3-9474-1A3956D46DE8}") = "NF", "NF", "{92F7BAF8-E406-46E2-B02B-D38128F31F1C}"
EndProject
Project("{FAE04EC0-301F-11D3-BF4B-00C04F79EFBC}") = "DFe.Classes", "C:\Projetos\DotNet\NFeAndNFCe\DFe.Classes\DFe.Classes.csproj", "{9984EC15-18E1-4A87-B4DB-18AC913DC4E8}"
EndProject
Project("{FAE04EC0-301F-11D3-BF4B-00C04F79EFBC}") = "DFe.Utils", "C:\Projetos\DotNet\NFeAndNFCe\DFe.Utils\DFe.Utils.csproj", "{B4E1A7A6-5D66-4326-8A8D-39338E6FC84C}"
EndProject
Project("{FAE04EC0-301F-11D3-BF4B-00C04F79EFBC}") = "NFe.Classes", "C:\Projetos\DotNet\NFeAndNFCe\NFe.Classes\NFe.Classes.csproj", "{29CA1DA2-440D-484B-951A-CF1B2EB27984}"
EndProject
Project("{FAE04EC0-301F-11D3-BF4B-00C04F79EFBC}") = "NFe.Danfe.Base", "C:\Projetos\DotNet\NFeAndNFCe\NFe.Danfe.Base\NFe.Danfe.Base.csproj", "{80C6093C-47D5-41A1-9FA0-E218E82FA666}"
EndProject
Project("{FAE04EC0-301F-11D3-BF4B-00C04F79EFBC}") = "NFe.Danfe.Fast", "C:\Projetos\DotNet\NFeAndNFCe\NFe.Danfe.Fast\NFe.Danfe.Fast.csproj", "{B7F6A2FF-FD0E-4B44-82B3-371605CD0510}"
EndProject
Project("{FAE04EC0-301F-11D3-BF4B-00C04F79EFBC}") = "NFe.Servicos", "C:\Projetos\DotNet\NFeAndNFCe\NFe.Servicos\NFe.Servicos.csproj", "{CCFDB136-3EE3-4AED-AA69-26ABBCB553C6}"
EndProject
Project("{FAE04EC0-301F-11D3-BF4B-00C04F79EFBC}") = "NFe.Utils", "C:\Projetos\DotNet\NFeAndNFCe\NFe.Utils\NFe.Utils.csproj", "{E35E7C4A-5690-4979-8B43-002975B48EAA}"
EndProject
Project("{FAE04EC0-301F-11D3-BF4B-00C04F79EFBC}") = "NFe.Wsdl", "C:\Projetos\DotNet\NFeAndNFCe\NFe.Wsdl\NFe.Wsdl.csproj", "{23BA5FA7-8BD6-4AE1-9895-54F119DD15FA}"
EndProject
Project("{FAE04EC0-301F-11D3-BF4B-00C04F79EFBC}") = "Zip.Nfe", "src\Zip.Nfe\Zip.Nfe.csproj", "{E0C7FE56-9019-4A21-ACFA-02D1330749BD}"
EndProject
Project("{2150E333-8FDC-42A3-9474-1A3956D46DE8}") = "TEF", "TEF", "{D377D84B-E163-49FD-9A14-250CC6AAE4AF}"
EndProject
Project("{FAE04EC0-301F-11D3-BF4B-00C04F79EFBC}") = "Zip.TefDial", "src\Zip.TefDial\Zip.TefDial.csproj", "{7D0D0490-054D-498A-99BD-498EC6C910F8}"
EndProject
Project("{FAE04EC0-301F-11D3-BF4B-00C04F79EFBC}") = "Zip.Utils", "src\Zip.Utils\Zip.Utils.csproj", "{66D673B1-6415-4C3E-A5BE-F5386886120D}"
EndProject
Project("{2150E333-8FDC-42A3-9474-1A3956D46DE8}") = "SAT", "SAT", "{382191F9-14FC-48C2-A7F4-220F7E0D1C09}"
EndProject
Project("{FAE04EC0-301F-11D3-BF4B-00C04F79EFBC}") = "Zip.Sat", "src\Zip.Sat\Zip.Sat.csproj", "{1B5E04F1-8557-4C1E-89AF-BC7D35D43266}"
EndProject
Project("{FAE04EC0-301F-11D3-BF4B-00C04F79EFBC}") = "Zip.Cadastro", "src\Zip.Cadastro\Zip.Cadastro.csproj", "{E936E396-4572-4DF1-B49E-EFBD086AEF48}"
EndProject
Project("{FAE04EC0-301F-11D3-BF4B-00C04F79EFBC}") = "Zip.EticketSub", "src\Zip.EticketSub\Zip.EticketSub.csproj", "{3ECEC0AA-A1EC-463D-9FF4-72E6F3DCE145}"
EndProject
Project("{2150E333-8FDC-42A3-9474-1A3956D46DE8}") = "02 - Services", "02 - Services", "{D3B6575A-D2F6-4380-BD9F-4E5CE5B4C15C}"
EndProject
Project("{FAE04EC0-301F-11D3-BF4B-00C04F79EFBC}") = "Zip.Sat.Service", "Zip.Sat.Service\Zip.Sat.Service.csproj", "{ECD54378-B03B-42A4-AAD9-C26C1B4640DE}"
EndProject
Project("{FAE04EC0-301F-11D3-BF4B-00C04F79EFBC}") = "MobileAppServer", "..\..\Componente\MobileAppServer\MobileAppServer.csproj", "{8E1334BB-C53B-4B0C-8239-9156251A3AAE}"
EndProject
Project("{FAE04EC0-301F-11D3-BF4B-00C04F79EFBC}") = "MobileAppServerClient", "..\..\Componente\MobileAppServerClient\MobileAppServerClient.csproj", "{C88EFCE7-A8AD-4F0F-88FF-05B81B5C0531}"
EndProject
Global
	GlobalSection(SharedMSBuildProjectFiles) = preSolution
		C:\Projetos\DotNet\NFeAndNFCe\Shared.NFe.Classes\Shared.NFe.Classes.projitems*{29ca1da2-440d-484b-951a-cf1b2eb27984}*SharedItemsImports = 4
		C:\Projetos\DotNet\NFeAndNFCe\Shared.DFe.Classes\Shared.DFe.Classes.projitems*{9984ec15-18e1-4a87-b4db-18ac913dc4e8}*SharedItemsImports = 4
		C:\Projetos\DotNet\NFeAndNFCe\Shared.DFe.Utils\Shared.DFe.Utils.projitems*{b4e1a7a6-5d66-4326-8a8d-39338e6fc84c}*SharedItemsImports = 4
		C:\Projetos\DotNet\NFeAndNFCe\Shared.NFe.Utils\Shared.NFe.Utils.projitems*{e35e7c4a-5690-4979-8b43-002975b48eaa}*SharedItemsImports = 4
	EndGlobalSection
	GlobalSection(SolutionConfigurationPlatforms) = preSolution
		Debug|Any CPU = Debug|Any CPU
		Debug|Mixed Platforms = Debug|Mixed Platforms
		Debug|x86 = Debug|x86
		Release|Any CPU = Release|Any CPU
		Release|Mixed Platforms = Release|Mixed Platforms
		Release|x86 = Release|x86
	EndGlobalSection
	GlobalSection(ProjectConfigurationPlatforms) = postSolution
		{0D1EF56F-D8FF-46ED-861D-199CA9F17420}.Debug|Any CPU.ActiveCfg = Debug|x86
		{0D1EF56F-D8FF-46ED-861D-199CA9F17420}.Debug|Mixed Platforms.ActiveCfg = Debug|x86
		{0D1EF56F-D8FF-46ED-861D-199CA9F17420}.Debug|Mixed Platforms.Build.0 = Debug|x86
		{0D1EF56F-D8FF-46ED-861D-199CA9F17420}.Debug|x86.ActiveCfg = Debug|x86
		{0D1EF56F-D8FF-46ED-861D-199CA9F17420}.Debug|x86.Build.0 = Debug|x86
		{0D1EF56F-D8FF-46ED-861D-199CA9F17420}.Release|Any CPU.ActiveCfg = Release|x86
		{0D1EF56F-D8FF-46ED-861D-199CA9F17420}.Release|Mixed Platforms.ActiveCfg = Release|x86
		{0D1EF56F-D8FF-46ED-861D-199CA9F17420}.Release|Mixed Platforms.Build.0 = Release|x86
		{0D1EF56F-D8FF-46ED-861D-199CA9F17420}.Release|x86.ActiveCfg = Release|x86
		{0D1EF56F-D8FF-46ED-861D-199CA9F17420}.Release|x86.Build.0 = Release|x86
		{94070B1D-6DE4-4D45-B2B9-5DA09D0E15C9}.Debug|Any CPU.ActiveCfg = Debug|Any CPU
		{94070B1D-6DE4-4D45-B2B9-5DA09D0E15C9}.Debug|Any CPU.Build.0 = Debug|Any CPU
		{94070B1D-6DE4-4D45-B2B9-5DA09D0E15C9}.Debug|Mixed Platforms.ActiveCfg = Debug|Any CPU
		{94070B1D-6DE4-4D45-B2B9-5DA09D0E15C9}.Debug|Mixed Platforms.Build.0 = Debug|Any CPU
		{94070B1D-6DE4-4D45-B2B9-5DA09D0E15C9}.Debug|x86.ActiveCfg = Debug|Any CPU
		{94070B1D-6DE4-4D45-B2B9-5DA09D0E15C9}.Debug|x86.Build.0 = Debug|Any CPU
		{94070B1D-6DE4-4D45-B2B9-5DA09D0E15C9}.Release|Any CPU.ActiveCfg = Release|Any CPU
		{94070B1D-6DE4-4D45-B2B9-5DA09D0E15C9}.Release|Any CPU.Build.0 = Release|Any CPU
		{94070B1D-6DE4-4D45-B2B9-5DA09D0E15C9}.Release|Mixed Platforms.ActiveCfg = Release|Any CPU
		{94070B1D-6DE4-4D45-B2B9-5DA09D0E15C9}.Release|Mixed Platforms.Build.0 = Release|Any CPU
		{94070B1D-6DE4-4D45-B2B9-5DA09D0E15C9}.Release|x86.ActiveCfg = Release|Any CPU
		{6C713B60-37BC-4F87-AAFB-AD171427BA8C}.Debug|Any CPU.ActiveCfg = Debug|Any CPU
		{6C713B60-37BC-4F87-AAFB-AD171427BA8C}.Debug|Any CPU.Build.0 = Debug|Any CPU
		{6C713B60-37BC-4F87-AAFB-AD171427BA8C}.Debug|Mixed Platforms.ActiveCfg = Debug|Any CPU
		{6C713B60-37BC-4F87-AAFB-AD171427BA8C}.Debug|Mixed Platforms.Build.0 = Debug|Any CPU
		{6C713B60-37BC-4F87-AAFB-AD171427BA8C}.Debug|x86.ActiveCfg = Debug|Any CPU
		{6C713B60-37BC-4F87-AAFB-AD171427BA8C}.Release|Any CPU.ActiveCfg = Release|Any CPU
		{6C713B60-37BC-4F87-AAFB-AD171427BA8C}.Release|Any CPU.Build.0 = Release|Any CPU
		{6C713B60-37BC-4F87-AAFB-AD171427BA8C}.Release|Mixed Platforms.ActiveCfg = Release|Any CPU
		{6C713B60-37BC-4F87-AAFB-AD171427BA8C}.Release|Mixed Platforms.Build.0 = Release|Any CPU
		{6C713B60-37BC-4F87-AAFB-AD171427BA8C}.Release|x86.ActiveCfg = Release|Any CPU
		{DDF280F3-FFA1-491E-8EED-56AA87CBBADF}.Debug|Any CPU.ActiveCfg = Debug|x86
		{DDF280F3-FFA1-491E-8EED-56AA87CBBADF}.Debug|Mixed Platforms.ActiveCfg = Debug|x86
		{DDF280F3-FFA1-491E-8EED-56AA87CBBADF}.Debug|Mixed Platforms.Build.0 = Debug|x86
		{DDF280F3-FFA1-491E-8EED-56AA87CBBADF}.Debug|x86.ActiveCfg = Debug|x86
		{DDF280F3-FFA1-491E-8EED-56AA87CBBADF}.Debug|x86.Build.0 = Debug|x86
		{DDF280F3-FFA1-491E-8EED-56AA87CBBADF}.Release|Any CPU.ActiveCfg = Release|x86
		{DDF280F3-FFA1-491E-8EED-56AA87CBBADF}.Release|Mixed Platforms.ActiveCfg = Release|x86
		{DDF280F3-FFA1-491E-8EED-56AA87CBBADF}.Release|Mixed Platforms.Build.0 = Release|x86
		{DDF280F3-FFA1-491E-8EED-56AA87CBBADF}.Release|x86.ActiveCfg = Release|x86
		{DDF280F3-FFA1-491E-8EED-56AA87CBBADF}.Release|x86.Build.0 = Release|x86
		{5DA70FA7-1CB2-49CD-9316-FA890DB25731}.Debug|Any CPU.ActiveCfg = Debug|Any CPU
		{5DA70FA7-1CB2-49CD-9316-FA890DB25731}.Debug|Any CPU.Build.0 = Debug|Any CPU
		{5DA70FA7-1CB2-49CD-9316-FA890DB25731}.Debug|Mixed Platforms.ActiveCfg = Debug|Any CPU
		{5DA70FA7-1CB2-49CD-9316-FA890DB25731}.Debug|Mixed Platforms.Build.0 = Debug|Any CPU
		{5DA70FA7-1CB2-49CD-9316-FA890DB25731}.Debug|x86.ActiveCfg = Debug|Any CPU
		{5DA70FA7-1CB2-49CD-9316-FA890DB25731}.Debug|x86.Build.0 = Debug|Any CPU
		{5DA70FA7-1CB2-49CD-9316-FA890DB25731}.Release|Any CPU.ActiveCfg = Release|Any CPU
		{5DA70FA7-1CB2-49CD-9316-FA890DB25731}.Release|Any CPU.Build.0 = Release|Any CPU
		{5DA70FA7-1CB2-49CD-9316-FA890DB25731}.Release|Mixed Platforms.ActiveCfg = Release|Any CPU
		{5DA70FA7-1CB2-49CD-9316-FA890DB25731}.Release|Mixed Platforms.Build.0 = Release|Any CPU
		{5DA70FA7-1CB2-49CD-9316-FA890DB25731}.Release|x86.ActiveCfg = Release|Any CPU
		{5DA70FA7-1CB2-49CD-9316-FA890DB25731}.Release|x86.Build.0 = Release|Any CPU
		{D2D611AC-1032-4B54-AFBF-E8BFA3C0C93A}.Debug|Any CPU.ActiveCfg = Debug|Any CPU
		{D2D611AC-1032-4B54-AFBF-E8BFA3C0C93A}.Debug|Any CPU.Build.0 = Debug|Any CPU
		{D2D611AC-1032-4B54-AFBF-E8BFA3C0C93A}.Debug|Mixed Platforms.ActiveCfg = Debug|Any CPU
		{D2D611AC-1032-4B54-AFBF-E8BFA3C0C93A}.Debug|Mixed Platforms.Build.0 = Debug|Any CPU
		{D2D611AC-1032-4B54-AFBF-E8BFA3C0C93A}.Debug|x86.ActiveCfg = Debug|Any CPU
		{D2D611AC-1032-4B54-AFBF-E8BFA3C0C93A}.Debug|x86.Build.0 = Debug|Any CPU
		{D2D611AC-1032-4B54-AFBF-E8BFA3C0C93A}.Release|Any CPU.ActiveCfg = Release|Any CPU
		{D2D611AC-1032-4B54-AFBF-E8BFA3C0C93A}.Release|Any CPU.Build.0 = Release|Any CPU
		{D2D611AC-1032-4B54-AFBF-E8BFA3C0C93A}.Release|Mixed Platforms.ActiveCfg = Release|Any CPU
		{D2D611AC-1032-4B54-AFBF-E8BFA3C0C93A}.Release|Mixed Platforms.Build.0 = Release|Any CPU
		{D2D611AC-1032-4B54-AFBF-E8BFA3C0C93A}.Release|x86.ActiveCfg = Release|Any CPU
		{D2D611AC-1032-4B54-AFBF-E8BFA3C0C93A}.Release|x86.Build.0 = Release|Any CPU
		{61392FB6-988C-4E20-937A-6EB52BBD5138}.Debug|Any CPU.ActiveCfg = Debug|Any CPU
		{61392FB6-988C-4E20-937A-6EB52BBD5138}.Debug|Any CPU.Build.0 = Debug|Any CPU
		{61392FB6-988C-4E20-937A-6EB52BBD5138}.Debug|Mixed Platforms.ActiveCfg = Debug|Any CPU
		{61392FB6-988C-4E20-937A-6EB52BBD5138}.Debug|Mixed Platforms.Build.0 = Debug|Any CPU
		{61392FB6-988C-4E20-937A-6EB52BBD5138}.Debug|x86.ActiveCfg = Debug|Any CPU
		{61392FB6-988C-4E20-937A-6EB52BBD5138}.Debug|x86.Build.0 = Debug|Any CPU
		{61392FB6-988C-4E20-937A-6EB52BBD5138}.Release|Any CPU.ActiveCfg = Release|Any CPU
		{61392FB6-988C-4E20-937A-6EB52BBD5138}.Release|Any CPU.Build.0 = Release|Any CPU
		{61392FB6-988C-4E20-937A-6EB52BBD5138}.Release|Mixed Platforms.ActiveCfg = Release|Any CPU
		{61392FB6-988C-4E20-937A-6EB52BBD5138}.Release|Mixed Platforms.Build.0 = Release|Any CPU
		{61392FB6-988C-4E20-937A-6EB52BBD5138}.Release|x86.ActiveCfg = Release|Any CPU
		{61392FB6-988C-4E20-937A-6EB52BBD5138}.Release|x86.Build.0 = Release|Any CPU
		{32DFA282-26F9-441B-913D-43E88E00B025}.Debug|Any CPU.ActiveCfg = Debug|Any CPU
		{32DFA282-26F9-441B-913D-43E88E00B025}.Debug|Any CPU.Build.0 = Debug|Any CPU
		{32DFA282-26F9-441B-913D-43E88E00B025}.Debug|Mixed Platforms.ActiveCfg = Debug|Any CPU
		{32DFA282-26F9-441B-913D-43E88E00B025}.Debug|Mixed Platforms.Build.0 = Debug|Any CPU
		{32DFA282-26F9-441B-913D-43E88E00B025}.Debug|x86.ActiveCfg = Debug|Any CPU
		{32DFA282-26F9-441B-913D-43E88E00B025}.Debug|x86.Build.0 = Debug|Any CPU
		{32DFA282-26F9-441B-913D-43E88E00B025}.Release|Any CPU.ActiveCfg = Release|Any CPU
		{32DFA282-26F9-441B-913D-43E88E00B025}.Release|Any CPU.Build.0 = Release|Any CPU
		{32DFA282-26F9-441B-913D-43E88E00B025}.Release|Mixed Platforms.ActiveCfg = Release|Any CPU
		{32DFA282-26F9-441B-913D-43E88E00B025}.Release|Mixed Platforms.Build.0 = Release|Any CPU
		{32DFA282-26F9-441B-913D-43E88E00B025}.Release|x86.ActiveCfg = Release|Any CPU
		{32DFA282-26F9-441B-913D-43E88E00B025}.Release|x86.Build.0 = Release|Any CPU
		{9D1EB2FA-9BF6-4CB7-938C-E2F1C5F41855}.Debug|Any CPU.ActiveCfg = Debug|Any CPU
		{9D1EB2FA-9BF6-4CB7-938C-E2F1C5F41855}.Debug|Any CPU.Build.0 = Debug|Any CPU
		{9D1EB2FA-9BF6-4CB7-938C-E2F1C5F41855}.Debug|Mixed Platforms.ActiveCfg = Debug|Any CPU
		{9D1EB2FA-9BF6-4CB7-938C-E2F1C5F41855}.Debug|Mixed Platforms.Build.0 = Debug|Any CPU
		{9D1EB2FA-9BF6-4CB7-938C-E2F1C5F41855}.Debug|x86.ActiveCfg = Debug|Any CPU
		{9D1EB2FA-9BF6-4CB7-938C-E2F1C5F41855}.Debug|x86.Build.0 = Debug|Any CPU
		{9D1EB2FA-9BF6-4CB7-938C-E2F1C5F41855}.Release|Any CPU.ActiveCfg = Release|Any CPU
		{9D1EB2FA-9BF6-4CB7-938C-E2F1C5F41855}.Release|Any CPU.Build.0 = Release|Any CPU
		{9D1EB2FA-9BF6-4CB7-938C-E2F1C5F41855}.Release|Mixed Platforms.ActiveCfg = Release|Any CPU
		{9D1EB2FA-9BF6-4CB7-938C-E2F1C5F41855}.Release|Mixed Platforms.Build.0 = Release|Any CPU
		{9D1EB2FA-9BF6-4CB7-938C-E2F1C5F41855}.Release|x86.ActiveCfg = Release|Any CPU
		{9D1EB2FA-9BF6-4CB7-938C-E2F1C5F41855}.Release|x86.Build.0 = Release|Any CPU
		{9984EC15-18E1-4A87-B4DB-18AC913DC4E8}.Debug|Any CPU.ActiveCfg = Debug|Any CPU
		{9984EC15-18E1-4A87-B4DB-18AC913DC4E8}.Debug|Any CPU.Build.0 = Debug|Any CPU
		{9984EC15-18E1-4A87-B4DB-18AC913DC4E8}.Debug|Mixed Platforms.ActiveCfg = Debug|Any CPU
		{9984EC15-18E1-4A87-B4DB-18AC913DC4E8}.Debug|Mixed Platforms.Build.0 = Debug|Any CPU
		{9984EC15-18E1-4A87-B4DB-18AC913DC4E8}.Debug|x86.ActiveCfg = Debug|Any CPU
		{9984EC15-18E1-4A87-B4DB-18AC913DC4E8}.Debug|x86.Build.0 = Debug|Any CPU
		{9984EC15-18E1-4A87-B4DB-18AC913DC4E8}.Release|Any CPU.ActiveCfg = Release|Any CPU
		{9984EC15-18E1-4A87-B4DB-18AC913DC4E8}.Release|Any CPU.Build.0 = Release|Any CPU
		{9984EC15-18E1-4A87-B4DB-18AC913DC4E8}.Release|Mixed Platforms.ActiveCfg = Release|Any CPU
		{9984EC15-18E1-4A87-B4DB-18AC913DC4E8}.Release|Mixed Platforms.Build.0 = Release|Any CPU
		{9984EC15-18E1-4A87-B4DB-18AC913DC4E8}.Release|x86.ActiveCfg = Release|Any CPU
		{9984EC15-18E1-4A87-B4DB-18AC913DC4E8}.Release|x86.Build.0 = Release|Any CPU
		{B4E1A7A6-5D66-4326-8A8D-39338E6FC84C}.Debug|Any CPU.ActiveCfg = Debug|Any CPU
		{B4E1A7A6-5D66-4326-8A8D-39338E6FC84C}.Debug|Any CPU.Build.0 = Debug|Any CPU
		{B4E1A7A6-5D66-4326-8A8D-39338E6FC84C}.Debug|Mixed Platforms.ActiveCfg = Debug|Any CPU
		{B4E1A7A6-5D66-4326-8A8D-39338E6FC84C}.Debug|Mixed Platforms.Build.0 = Debug|Any CPU
		{B4E1A7A6-5D66-4326-8A8D-39338E6FC84C}.Debug|x86.ActiveCfg = Debug|Any CPU
		{B4E1A7A6-5D66-4326-8A8D-39338E6FC84C}.Debug|x86.Build.0 = Debug|Any CPU
		{B4E1A7A6-5D66-4326-8A8D-39338E6FC84C}.Release|Any CPU.ActiveCfg = Release|Any CPU
		{B4E1A7A6-5D66-4326-8A8D-39338E6FC84C}.Release|Any CPU.Build.0 = Release|Any CPU
		{B4E1A7A6-5D66-4326-8A8D-39338E6FC84C}.Release|Mixed Platforms.ActiveCfg = Release|Any CPU
		{B4E1A7A6-5D66-4326-8A8D-39338E6FC84C}.Release|Mixed Platforms.Build.0 = Release|Any CPU
		{B4E1A7A6-5D66-4326-8A8D-39338E6FC84C}.Release|x86.ActiveCfg = Release|Any CPU
		{B4E1A7A6-5D66-4326-8A8D-39338E6FC84C}.Release|x86.Build.0 = Release|Any CPU
		{29CA1DA2-440D-484B-951A-CF1B2EB27984}.Debug|Any CPU.ActiveCfg = Debug|Any CPU
		{29CA1DA2-440D-484B-951A-CF1B2EB27984}.Debug|Any CPU.Build.0 = Debug|Any CPU
		{29CA1DA2-440D-484B-951A-CF1B2EB27984}.Debug|Mixed Platforms.ActiveCfg = Debug|Any CPU
		{29CA1DA2-440D-484B-951A-CF1B2EB27984}.Debug|Mixed Platforms.Build.0 = Debug|Any CPU
		{29CA1DA2-440D-484B-951A-CF1B2EB27984}.Debug|x86.ActiveCfg = Debug|Any CPU
		{29CA1DA2-440D-484B-951A-CF1B2EB27984}.Debug|x86.Build.0 = Debug|Any CPU
		{29CA1DA2-440D-484B-951A-CF1B2EB27984}.Release|Any CPU.ActiveCfg = Release|Any CPU
		{29CA1DA2-440D-484B-951A-CF1B2EB27984}.Release|Any CPU.Build.0 = Release|Any CPU
		{29CA1DA2-440D-484B-951A-CF1B2EB27984}.Release|Mixed Platforms.ActiveCfg = Release|Any CPU
		{29CA1DA2-440D-484B-951A-CF1B2EB27984}.Release|Mixed Platforms.Build.0 = Release|Any CPU
		{29CA1DA2-440D-484B-951A-CF1B2EB27984}.Release|x86.ActiveCfg = Release|Any CPU
		{29CA1DA2-440D-484B-951A-CF1B2EB27984}.Release|x86.Build.0 = Release|Any CPU
		{80C6093C-47D5-41A1-9FA0-E218E82FA666}.Debug|Any CPU.ActiveCfg = Debug|Any CPU
		{80C6093C-47D5-41A1-9FA0-E218E82FA666}.Debug|Any CPU.Build.0 = Debug|Any CPU
		{80C6093C-47D5-41A1-9FA0-E218E82FA666}.Debug|Mixed Platforms.ActiveCfg = Debug|Any CPU
		{80C6093C-47D5-41A1-9FA0-E218E82FA666}.Debug|Mixed Platforms.Build.0 = Debug|Any CPU
		{80C6093C-47D5-41A1-9FA0-E218E82FA666}.Debug|x86.ActiveCfg = Debug|Any CPU
		{80C6093C-47D5-41A1-9FA0-E218E82FA666}.Debug|x86.Build.0 = Debug|Any CPU
		{80C6093C-47D5-41A1-9FA0-E218E82FA666}.Release|Any CPU.ActiveCfg = Release|Any CPU
		{80C6093C-47D5-41A1-9FA0-E218E82FA666}.Release|Any CPU.Build.0 = Release|Any CPU
		{80C6093C-47D5-41A1-9FA0-E218E82FA666}.Release|Mixed Platforms.ActiveCfg = Release|Any CPU
		{80C6093C-47D5-41A1-9FA0-E218E82FA666}.Release|Mixed Platforms.Build.0 = Release|Any CPU
		{80C6093C-47D5-41A1-9FA0-E218E82FA666}.Release|x86.ActiveCfg = Release|Any CPU
		{80C6093C-47D5-41A1-9FA0-E218E82FA666}.Release|x86.Build.0 = Release|Any CPU
		{B7F6A2FF-FD0E-4B44-82B3-371605CD0510}.Debug|Any CPU.ActiveCfg = Debug|Any CPU
		{B7F6A2FF-FD0E-4B44-82B3-371605CD0510}.Debug|Any CPU.Build.0 = Debug|Any CPU
		{B7F6A2FF-FD0E-4B44-82B3-371605CD0510}.Debug|Mixed Platforms.ActiveCfg = Debug|Any CPU
		{B7F6A2FF-FD0E-4B44-82B3-371605CD0510}.Debug|Mixed Platforms.Build.0 = Debug|Any CPU
		{B7F6A2FF-FD0E-4B44-82B3-371605CD0510}.Debug|x86.ActiveCfg = Debug|Any CPU
		{B7F6A2FF-FD0E-4B44-82B3-371605CD0510}.Debug|x86.Build.0 = Debug|Any CPU
		{B7F6A2FF-FD0E-4B44-82B3-371605CD0510}.Release|Any CPU.ActiveCfg = Release|Any CPU
		{B7F6A2FF-FD0E-4B44-82B3-371605CD0510}.Release|Any CPU.Build.0 = Release|Any CPU
		{B7F6A2FF-FD0E-4B44-82B3-371605CD0510}.Release|Mixed Platforms.ActiveCfg = Release|Any CPU
		{B7F6A2FF-FD0E-4B44-82B3-371605CD0510}.Release|Mixed Platforms.Build.0 = Release|Any CPU
		{B7F6A2FF-FD0E-4B44-82B3-371605CD0510}.Release|x86.ActiveCfg = Release|Any CPU
		{B7F6A2FF-FD0E-4B44-82B3-371605CD0510}.Release|x86.Build.0 = Release|Any CPU
		{CCFDB136-3EE3-4AED-AA69-26ABBCB553C6}.Debug|Any CPU.ActiveCfg = Debug|Any CPU
		{CCFDB136-3EE3-4AED-AA69-26ABBCB553C6}.Debug|Any CPU.Build.0 = Debug|Any CPU
		{CCFDB136-3EE3-4AED-AA69-26ABBCB553C6}.Debug|Mixed Platforms.ActiveCfg = Debug|Any CPU
		{CCFDB136-3EE3-4AED-AA69-26ABBCB553C6}.Debug|Mixed Platforms.Build.0 = Debug|Any CPU
		{CCFDB136-3EE3-4AED-AA69-26ABBCB553C6}.Debug|x86.ActiveCfg = Debug|Any CPU
		{CCFDB136-3EE3-4AED-AA69-26ABBCB553C6}.Debug|x86.Build.0 = Debug|Any CPU
		{CCFDB136-3EE3-4AED-AA69-26ABBCB553C6}.Release|Any CPU.ActiveCfg = Release|Any CPU
		{CCFDB136-3EE3-4AED-AA69-26ABBCB553C6}.Release|Any CPU.Build.0 = Release|Any CPU
		{CCFDB136-3EE3-4AED-AA69-26ABBCB553C6}.Release|Mixed Platforms.ActiveCfg = Release|Any CPU
		{CCFDB136-3EE3-4AED-AA69-26ABBCB553C6}.Release|Mixed Platforms.Build.0 = Release|Any CPU
		{CCFDB136-3EE3-4AED-AA69-26ABBCB553C6}.Release|x86.ActiveCfg = Release|Any CPU
		{CCFDB136-3EE3-4AED-AA69-26ABBCB553C6}.Release|x86.Build.0 = Release|Any CPU
		{E35E7C4A-5690-4979-8B43-002975B48EAA}.Debug|Any CPU.ActiveCfg = Debug|Any CPU
		{E35E7C4A-5690-4979-8B43-002975B48EAA}.Debug|Any CPU.Build.0 = Debug|Any CPU
		{E35E7C4A-5690-4979-8B43-002975B48EAA}.Debug|Mixed Platforms.ActiveCfg = Debug|Any CPU
		{E35E7C4A-5690-4979-8B43-002975B48EAA}.Debug|Mixed Platforms.Build.0 = Debug|Any CPU
		{E35E7C4A-5690-4979-8B43-002975B48EAA}.Debug|x86.ActiveCfg = Debug|Any CPU
		{E35E7C4A-5690-4979-8B43-002975B48EAA}.Debug|x86.Build.0 = Debug|Any CPU
		{E35E7C4A-5690-4979-8B43-002975B48EAA}.Release|Any CPU.ActiveCfg = Release|Any CPU
		{E35E7C4A-5690-4979-8B43-002975B48EAA}.Release|Any CPU.Build.0 = Release|Any CPU
		{E35E7C4A-5690-4979-8B43-002975B48EAA}.Release|Mixed Platforms.ActiveCfg = Release|Any CPU
		{E35E7C4A-5690-4979-8B43-002975B48EAA}.Release|Mixed Platforms.Build.0 = Release|Any CPU
		{E35E7C4A-5690-4979-8B43-002975B48EAA}.Release|x86.ActiveCfg = Release|Any CPU
		{E35E7C4A-5690-4979-8B43-002975B48EAA}.Release|x86.Build.0 = Release|Any CPU
		{23BA5FA7-8BD6-4AE1-9895-54F119DD15FA}.Debug|Any CPU.ActiveCfg = Debug|Any CPU
		{23BA5FA7-8BD6-4AE1-9895-54F119DD15FA}.Debug|Any CPU.Build.0 = Debug|Any CPU
		{23BA5FA7-8BD6-4AE1-9895-54F119DD15FA}.Debug|Mixed Platforms.ActiveCfg = Debug|Any CPU
		{23BA5FA7-8BD6-4AE1-9895-54F119DD15FA}.Debug|Mixed Platforms.Build.0 = Debug|Any CPU
		{23BA5FA7-8BD6-4AE1-9895-54F119DD15FA}.Debug|x86.ActiveCfg = Debug|Any CPU
		{23BA5FA7-8BD6-4AE1-9895-54F119DD15FA}.Debug|x86.Build.0 = Debug|Any CPU
		{23BA5FA7-8BD6-4AE1-9895-54F119DD15FA}.Release|Any CPU.ActiveCfg = Release|Any CPU
		{23BA5FA7-8BD6-4AE1-9895-54F119DD15FA}.Release|Any CPU.Build.0 = Release|Any CPU
		{23BA5FA7-8BD6-4AE1-9895-54F119DD15FA}.Release|Mixed Platforms.ActiveCfg = Release|Any CPU
		{23BA5FA7-8BD6-4AE1-9895-54F119DD15FA}.Release|Mixed Platforms.Build.0 = Release|Any CPU
		{23BA5FA7-8BD6-4AE1-9895-54F119DD15FA}.Release|x86.ActiveCfg = Release|Any CPU
		{23BA5FA7-8BD6-4AE1-9895-54F119DD15FA}.Release|x86.Build.0 = Release|Any CPU
		{E0C7FE56-9019-4A21-ACFA-02D1330749BD}.Debug|Any CPU.ActiveCfg = Debug|Any CPU
		{E0C7FE56-9019-4A21-ACFA-02D1330749BD}.Debug|Any CPU.Build.0 = Debug|Any CPU
		{E0C7FE56-9019-4A21-ACFA-02D1330749BD}.Debug|Mixed Platforms.ActiveCfg = Debug|Any CPU
		{E0C7FE56-9019-4A21-ACFA-02D1330749BD}.Debug|Mixed Platforms.Build.0 = Debug|Any CPU
		{E0C7FE56-9019-4A21-ACFA-02D1330749BD}.Debug|x86.ActiveCfg = Debug|Any CPU
		{E0C7FE56-9019-4A21-ACFA-02D1330749BD}.Debug|x86.Build.0 = Debug|Any CPU
		{E0C7FE56-9019-4A21-ACFA-02D1330749BD}.Release|Any CPU.ActiveCfg = Release|Any CPU
		{E0C7FE56-9019-4A21-ACFA-02D1330749BD}.Release|Any CPU.Build.0 = Release|Any CPU
		{E0C7FE56-9019-4A21-ACFA-02D1330749BD}.Release|Mixed Platforms.ActiveCfg = Release|Any CPU
		{E0C7FE56-9019-4A21-ACFA-02D1330749BD}.Release|Mixed Platforms.Build.0 = Release|Any CPU
		{E0C7FE56-9019-4A21-ACFA-02D1330749BD}.Release|x86.ActiveCfg = Release|Any CPU
		{E0C7FE56-9019-4A21-ACFA-02D1330749BD}.Release|x86.Build.0 = Release|Any CPU
		{7D0D0490-054D-498A-99BD-498EC6C910F8}.Debug|Any CPU.ActiveCfg = Debug|Any CPU
		{7D0D0490-054D-498A-99BD-498EC6C910F8}.Debug|Any CPU.Build.0 = Debug|Any CPU
		{7D0D0490-054D-498A-99BD-498EC6C910F8}.Debug|Mixed Platforms.ActiveCfg = Debug|Any CPU
		{7D0D0490-054D-498A-99BD-498EC6C910F8}.Debug|Mixed Platforms.Build.0 = Debug|Any CPU
		{7D0D0490-054D-498A-99BD-498EC6C910F8}.Debug|x86.ActiveCfg = Debug|Any CPU
		{7D0D0490-054D-498A-99BD-498EC6C910F8}.Debug|x86.Build.0 = Debug|Any CPU
		{7D0D0490-054D-498A-99BD-498EC6C910F8}.Release|Any CPU.ActiveCfg = Release|Any CPU
		{7D0D0490-054D-498A-99BD-498EC6C910F8}.Release|Any CPU.Build.0 = Release|Any CPU
		{7D0D0490-054D-498A-99BD-498EC6C910F8}.Release|Mixed Platforms.ActiveCfg = Release|Any CPU
		{7D0D0490-054D-498A-99BD-498EC6C910F8}.Release|Mixed Platforms.Build.0 = Release|Any CPU
		{7D0D0490-054D-498A-99BD-498EC6C910F8}.Release|x86.ActiveCfg = Release|Any CPU
		{7D0D0490-054D-498A-99BD-498EC6C910F8}.Release|x86.Build.0 = Release|Any CPU
		{66D673B1-6415-4C3E-A5BE-F5386886120D}.Debug|Any CPU.ActiveCfg = Debug|Any CPU
		{66D673B1-6415-4C3E-A5BE-F5386886120D}.Debug|Any CPU.Build.0 = Debug|Any CPU
		{66D673B1-6415-4C3E-A5BE-F5386886120D}.Debug|Mixed Platforms.ActiveCfg = Debug|Any CPU
		{66D673B1-6415-4C3E-A5BE-F5386886120D}.Debug|Mixed Platforms.Build.0 = Debug|Any CPU
		{66D673B1-6415-4C3E-A5BE-F5386886120D}.Debug|x86.ActiveCfg = Debug|Any CPU
		{66D673B1-6415-4C3E-A5BE-F5386886120D}.Debug|x86.Build.0 = Debug|Any CPU
		{66D673B1-6415-4C3E-A5BE-F5386886120D}.Release|Any CPU.ActiveCfg = Release|Any CPU
		{66D673B1-6415-4C3E-A5BE-F5386886120D}.Release|Any CPU.Build.0 = Release|Any CPU
		{66D673B1-6415-4C3E-A5BE-F5386886120D}.Release|Mixed Platforms.ActiveCfg = Release|Any CPU
		{66D673B1-6415-4C3E-A5BE-F5386886120D}.Release|Mixed Platforms.Build.0 = Release|Any CPU
		{66D673B1-6415-4C3E-A5BE-F5386886120D}.Release|x86.ActiveCfg = Release|Any CPU
		{66D673B1-6415-4C3E-A5BE-F5386886120D}.Release|x86.Build.0 = Release|Any CPU
		{1B5E04F1-8557-4C1E-89AF-BC7D35D43266}.Debug|Any CPU.ActiveCfg = Debug|Any CPU
		{1B5E04F1-8557-4C1E-89AF-BC7D35D43266}.Debug|Any CPU.Build.0 = Debug|Any CPU
		{1B5E04F1-8557-4C1E-89AF-BC7D35D43266}.Debug|Mixed Platforms.ActiveCfg = Debug|Any CPU
		{1B5E04F1-8557-4C1E-89AF-BC7D35D43266}.Debug|Mixed Platforms.Build.0 = Debug|Any CPU
		{1B5E04F1-8557-4C1E-89AF-BC7D35D43266}.Debug|x86.ActiveCfg = Debug|Any CPU
		{1B5E04F1-8557-4C1E-89AF-BC7D35D43266}.Debug|x86.Build.0 = Debug|Any CPU
		{1B5E04F1-8557-4C1E-89AF-BC7D35D43266}.Release|Any CPU.ActiveCfg = Release|Any CPU
		{1B5E04F1-8557-4C1E-89AF-BC7D35D43266}.Release|Any CPU.Build.0 = Release|Any CPU
		{1B5E04F1-8557-4C1E-89AF-BC7D35D43266}.Release|Mixed Platforms.ActiveCfg = Release|Any CPU
		{1B5E04F1-8557-4C1E-89AF-BC7D35D43266}.Release|Mixed Platforms.Build.0 = Release|Any CPU
		{1B5E04F1-8557-4C1E-89AF-BC7D35D43266}.Release|x86.ActiveCfg = Release|Any CPU
		{1B5E04F1-8557-4C1E-89AF-BC7D35D43266}.Release|x86.Build.0 = Release|Any CPU
		{E936E396-4572-4DF1-B49E-EFBD086AEF48}.Debug|Any CPU.ActiveCfg = Debug|Any CPU
		{E936E396-4572-4DF1-B49E-EFBD086AEF48}.Debug|Any CPU.Build.0 = Debug|Any CPU
		{E936E396-4572-4DF1-B49E-EFBD086AEF48}.Debug|Mixed Platforms.ActiveCfg = Debug|Any CPU
		{E936E396-4572-4DF1-B49E-EFBD086AEF48}.Debug|Mixed Platforms.Build.0 = Debug|Any CPU
		{E936E396-4572-4DF1-B49E-EFBD086AEF48}.Debug|x86.ActiveCfg = Debug|Any CPU
		{E936E396-4572-4DF1-B49E-EFBD086AEF48}.Debug|x86.Build.0 = Debug|Any CPU
		{E936E396-4572-4DF1-B49E-EFBD086AEF48}.Release|Any CPU.ActiveCfg = Release|Any CPU
		{E936E396-4572-4DF1-B49E-EFBD086AEF48}.Release|Any CPU.Build.0 = Release|Any CPU
		{E936E396-4572-4DF1-B49E-EFBD086AEF48}.Release|Mixed Platforms.ActiveCfg = Release|Any CPU
		{E936E396-4572-4DF1-B49E-EFBD086AEF48}.Release|Mixed Platforms.Build.0 = Release|Any CPU
		{E936E396-4572-4DF1-B49E-EFBD086AEF48}.Release|x86.ActiveCfg = Release|Any CPU
		{E936E396-4572-4DF1-B49E-EFBD086AEF48}.Release|x86.Build.0 = Release|Any CPU
		{3ECEC0AA-A1EC-463D-9FF4-72E6F3DCE145}.Debug|Any CPU.ActiveCfg = Debug|Any CPU
		{3ECEC0AA-A1EC-463D-9FF4-72E6F3DCE145}.Debug|Any CPU.Build.0 = Debug|Any CPU
		{3ECEC0AA-A1EC-463D-9FF4-72E6F3DCE145}.Debug|Mixed Platforms.ActiveCfg = Debug|Any CPU
		{3ECEC0AA-A1EC-463D-9FF4-72E6F3DCE145}.Debug|Mixed Platforms.Build.0 = Debug|Any CPU
		{3ECEC0AA-A1EC-463D-9FF4-72E6F3DCE145}.Debug|x86.ActiveCfg = Debug|Any CPU
		{3ECEC0AA-A1EC-463D-9FF4-72E6F3DCE145}.Debug|x86.Build.0 = Debug|Any CPU
		{3ECEC0AA-A1EC-463D-9FF4-72E6F3DCE145}.Release|Any CPU.ActiveCfg = Release|Any CPU
		{3ECEC0AA-A1EC-463D-9FF4-72E6F3DCE145}.Release|Any CPU.Build.0 = Release|Any CPU
		{3ECEC0AA-A1EC-463D-9FF4-72E6F3DCE145}.Release|Mixed Platforms.ActiveCfg = Release|Any CPU
		{3ECEC0AA-A1EC-463D-9FF4-72E6F3DCE145}.Release|Mixed Platforms.Build.0 = Release|Any CPU
		{3ECEC0AA-A1EC-463D-9FF4-72E6F3DCE145}.Release|x86.ActiveCfg = Release|Any CPU
		{3ECEC0AA-A1EC-463D-9FF4-72E6F3DCE145}.Release|x86.Build.0 = Release|Any CPU
		{ECD54378-B03B-42A4-AAD9-C26C1B4640DE}.Debug|Any CPU.ActiveCfg = Debug|Any CPU
		{ECD54378-B03B-42A4-AAD9-C26C1B4640DE}.Debug|Any CPU.Build.0 = Debug|Any CPU
		{ECD54378-B03B-42A4-AAD9-C26C1B4640DE}.Debug|Mixed Platforms.ActiveCfg = Debug|Any CPU
		{ECD54378-B03B-42A4-AAD9-C26C1B4640DE}.Debug|Mixed Platforms.Build.0 = Debug|Any CPU
		{ECD54378-B03B-42A4-AAD9-C26C1B4640DE}.Debug|x86.ActiveCfg = Debug|Any CPU
		{ECD54378-B03B-42A4-AAD9-C26C1B4640DE}.Debug|x86.Build.0 = Debug|Any CPU
		{ECD54378-B03B-42A4-AAD9-C26C1B4640DE}.Release|Any CPU.ActiveCfg = Release|Any CPU
		{ECD54378-B03B-42A4-AAD9-C26C1B4640DE}.Release|Any CPU.Build.0 = Release|Any CPU
		{ECD54378-B03B-42A4-AAD9-C26C1B4640DE}.Release|Mixed Platforms.ActiveCfg = Release|Any CPU
		{ECD54378-B03B-42A4-AAD9-C26C1B4640DE}.Release|Mixed Platforms.Build.0 = Release|Any CPU
		{ECD54378-B03B-42A4-AAD9-C26C1B4640DE}.Release|x86.ActiveCfg = Release|Any CPU
		{ECD54378-B03B-42A4-AAD9-C26C1B4640DE}.Release|x86.Build.0 = Release|Any CPU
		{8E1334BB-C53B-4B0C-8239-9156251A3AAE}.Debug|Any CPU.ActiveCfg = Debug|Any CPU
		{8E1334BB-C53B-4B0C-8239-9156251A3AAE}.Debug|Any CPU.Build.0 = Debug|Any CPU
		{8E1334BB-C53B-4B0C-8239-9156251A3AAE}.Debug|Mixed Platforms.ActiveCfg = Debug|Any CPU
		{8E1334BB-C53B-4B0C-8239-9156251A3AAE}.Debug|Mixed Platforms.Build.0 = Debug|Any CPU
		{8E1334BB-C53B-4B0C-8239-9156251A3AAE}.Debug|x86.ActiveCfg = Debug|Any CPU
		{8E1334BB-C53B-4B0C-8239-9156251A3AAE}.Debug|x86.Build.0 = Debug|Any CPU
		{8E1334BB-C53B-4B0C-8239-9156251A3AAE}.Release|Any CPU.ActiveCfg = Release|Any CPU
		{8E1334BB-C53B-4B0C-8239-9156251A3AAE}.Release|Any CPU.Build.0 = Release|Any CPU
		{8E1334BB-C53B-4B0C-8239-9156251A3AAE}.Release|Mixed Platforms.ActiveCfg = Release|Any CPU
		{8E1334BB-C53B-4B0C-8239-9156251A3AAE}.Release|Mixed Platforms.Build.0 = Release|Any CPU
		{8E1334BB-C53B-4B0C-8239-9156251A3AAE}.Release|x86.ActiveCfg = Release|Any CPU
		{8E1334BB-C53B-4B0C-8239-9156251A3AAE}.Release|x86.Build.0 = Release|Any CPU
		{C88EFCE7-A8AD-4F0F-88FF-05B81B5C0531}.Debug|Any CPU.ActiveCfg = Debug|Any CPU
		{C88EFCE7-A8AD-4F0F-88FF-05B81B5C0531}.Debug|Any CPU.Build.0 = Debug|Any CPU
		{C88EFCE7-A8AD-4F0F-88FF-05B81B5C0531}.Debug|Mixed Platforms.ActiveCfg = Debug|Any CPU
		{C88EFCE7-A8AD-4F0F-88FF-05B81B5C0531}.Debug|Mixed Platforms.Build.0 = Debug|Any CPU
		{C88EFCE7-A8AD-4F0F-88FF-05B81B5C0531}.Debug|x86.ActiveCfg = Debug|Any CPU
		{C88EFCE7-A8AD-4F0F-88FF-05B81B5C0531}.Debug|x86.Build.0 = Debug|Any CPU
		{C88EFCE7-A8AD-4F0F-88FF-05B81B5C0531}.Release|Any CPU.ActiveCfg = Release|Any CPU
		{C88EFCE7-A8AD-4F0F-88FF-05B81B5C0531}.Release|Any CPU.Build.0 = Release|Any CPU
		{C88EFCE7-A8AD-4F0F-88FF-05B81B5C0531}.Release|Mixed Platforms.ActiveCfg = Release|Any CPU
		{C88EFCE7-A8AD-4F0F-88FF-05B81B5C0531}.Release|Mixed Platforms.Build.0 = Release|Any CPU
		{C88EFCE7-A8AD-4F0F-88FF-05B81B5C0531}.Release|x86.ActiveCfg = Release|Any CPU
		{C88EFCE7-A8AD-4F0F-88FF-05B81B5C0531}.Release|x86.Build.0 = Release|Any CPU
	EndGlobalSection
	GlobalSection(SolutionProperties) = preSolution
		HideSolutionNode = FALSE
	EndGlobalSection
	GlobalSection(NestedProjects) = preSolution
		{189BBDDD-76FC-402F-B69E-1CBD9D67B184} = {A853E853-3C70-436D-8B3D-4BE0C7F7FA7E}
		{5DA70FA7-1CB2-49CD-9316-FA890DB25731} = {189BBDDD-76FC-402F-B69E-1CBD9D67B184}
		{D2D611AC-1032-4B54-AFBF-E8BFA3C0C93A} = {36EB014C-818C-4E19-B8EA-416FD12DDDC8}
		{61392FB6-988C-4E20-937A-6EB52BBD5138} = {ED06AC73-0406-4A81-BBE6-93B4518CDE07}
		{B75C6700-1E90-4310-8578-4F98531317D4} = {A853E853-3C70-436D-8B3D-4BE0C7F7FA7E}
		{32DFA282-26F9-441B-913D-43E88E00B025} = {B75C6700-1E90-4310-8578-4F98531317D4}
		{9D1EB2FA-9BF6-4CB7-938C-E2F1C5F41855} = {9F854EE7-7C0D-4325-BB10-D026015CE2FD}
		{9984EC15-18E1-4A87-B4DB-18AC913DC4E8} = {92F7BAF8-E406-46E2-B02B-D38128F31F1C}
		{B4E1A7A6-5D66-4326-8A8D-39338E6FC84C} = {92F7BAF8-E406-46E2-B02B-D38128F31F1C}
		{29CA1DA2-440D-484B-951A-CF1B2EB27984} = {92F7BAF8-E406-46E2-B02B-D38128F31F1C}
		{80C6093C-47D5-41A1-9FA0-E218E82FA666} = {92F7BAF8-E406-46E2-B02B-D38128F31F1C}
		{B7F6A2FF-FD0E-4B44-82B3-371605CD0510} = {92F7BAF8-E406-46E2-B02B-D38128F31F1C}
		{CCFDB136-3EE3-4AED-AA69-26ABBCB553C6} = {92F7BAF8-E406-46E2-B02B-D38128F31F1C}
		{E35E7C4A-5690-4979-8B43-002975B48EAA} = {92F7BAF8-E406-46E2-B02B-D38128F31F1C}
		{23BA5FA7-8BD6-4AE1-9895-54F119DD15FA} = {92F7BAF8-E406-46E2-B02B-D38128F31F1C}
		{E0C7FE56-9019-4A21-ACFA-02D1330749BD} = {9F854EE7-7C0D-4325-BB10-D026015CE2FD}
		{7D0D0490-054D-498A-99BD-498EC6C910F8} = {D377D84B-E163-49FD-9A14-250CC6AAE4AF}
		{66D673B1-6415-4C3E-A5BE-F5386886120D} = {ED06AC73-0406-4A81-BBE6-93B4518CDE07}
		{1B5E04F1-8557-4C1E-89AF-BC7D35D43266} = {382191F9-14FC-48C2-A7F4-220F7E0D1C09}
		{E936E396-4572-4DF1-B49E-EFBD086AEF48} = {9F854EE7-7C0D-4325-BB10-D026015CE2FD}
		{3ECEC0AA-A1EC-463D-9FF4-72E6F3DCE145} = {9F854EE7-7C0D-4325-BB10-D026015CE2FD}
		{ECD54378-B03B-42A4-AAD9-C26C1B4640DE} = {D3B6575A-D2F6-4380-BD9F-4E5CE5B4C15C}
		{8E1334BB-C53B-4B0C-8239-9156251A3AAE} = {D3B6575A-D2F6-4380-BD9F-4E5CE5B4C15C}
		{C88EFCE7-A8AD-4F0F-88FF-05B81B5C0531} = {D3B6575A-D2F6-4380-BD9F-4E5CE5B4C15C}
	EndGlobalSection
	GlobalSection(ExtensibilityGlobals) = postSolution
		SolutionGuid = {CC7A3B8C-C97F-48A8-A9DD-F6E13C04D097}
	EndGlobalSection
EndGlobal
